// !$*UTF8*$!
{
	archiveVersion = 1;
	classes = {
	};
	objectVersion = 48;
	objects = {

/* Begin PBXBuildFile section */
		A79BE749809C61435ADCDA7E /* Pods_HangTests.framework in Frameworks */ = {isa = PBXBuildFile; fileRef = E1F09119C98B61BFAE804F46 /* Pods_HangTests.framework */; settings = {ATTRIBUTES = (Weak, ); }; };
		C149B95E20995FF500BAF433 /* FriendRequestTableViewCell.swift in Sources */ = {isa = PBXBuildFile; fileRef = C149B95D20995FF500BAF433 /* FriendRequestTableViewCell.swift */; };
		C14B5F0920A21E9B0038C649 /* hanganim.json in Resources */ = {isa = PBXBuildFile; fileRef = C14B5F0720A21E9A0038C649 /* hanganim.json */; };
		C14B5F1A20A21F0D0038C649 /* img_13.png in Resources */ = {isa = PBXBuildFile; fileRef = C14B5F0B20A21F0B0038C649 /* img_13.png */; };
		C14B5F1B20A21F0D0038C649 /* img_5.png in Resources */ = {isa = PBXBuildFile; fileRef = C14B5F0C20A21F0B0038C649 /* img_5.png */; };
		C14B5F1C20A21F0D0038C649 /* img_3.png in Resources */ = {isa = PBXBuildFile; fileRef = C14B5F0D20A21F0B0038C649 /* img_3.png */; };
		C14B5F1D20A21F0D0038C649 /* img_6.png in Resources */ = {isa = PBXBuildFile; fileRef = C14B5F0E20A21F0B0038C649 /* img_6.png */; };
		C14B5F1E20A21F0D0038C649 /* img_4.png in Resources */ = {isa = PBXBuildFile; fileRef = C14B5F0F20A21F0B0038C649 /* img_4.png */; };
		C14B5F1F20A21F0D0038C649 /* img_8.png in Resources */ = {isa = PBXBuildFile; fileRef = C14B5F1020A21F0B0038C649 /* img_8.png */; };
		C14B5F2020A21F0D0038C649 /* img_14.png in Resources */ = {isa = PBXBuildFile; fileRef = C14B5F1120A21F0B0038C649 /* img_14.png */; };
		C14B5F2120A21F0D0038C649 /* img_10.png in Resources */ = {isa = PBXBuildFile; fileRef = C14B5F1220A21F0C0038C649 /* img_10.png */; };
		C14B5F2220A21F0D0038C649 /* img_12.png in Resources */ = {isa = PBXBuildFile; fileRef = C14B5F1320A21F0C0038C649 /* img_12.png */; };
		C14B5F2320A21F0D0038C649 /* img_0.png in Resources */ = {isa = PBXBuildFile; fileRef = C14B5F1420A21F0C0038C649 /* img_0.png */; };
		C14B5F2420A21F0D0038C649 /* img_1.png in Resources */ = {isa = PBXBuildFile; fileRef = C14B5F1520A21F0C0038C649 /* img_1.png */; };
		C14B5F2520A21F0D0038C649 /* img_11.png in Resources */ = {isa = PBXBuildFile; fileRef = C14B5F1620A21F0C0038C649 /* img_11.png */; };
		C14B5F2620A21F0D0038C649 /* img_2.png in Resources */ = {isa = PBXBuildFile; fileRef = C14B5F1720A21F0C0038C649 /* img_2.png */; };
		C14B5F2720A21F0D0038C649 /* img_7.png in Resources */ = {isa = PBXBuildFile; fileRef = C14B5F1820A21F0C0038C649 /* img_7.png */; };
		C14B5F2820A21F0D0038C649 /* img_9.png in Resources */ = {isa = PBXBuildFile; fileRef = C14B5F1920A21F0D0038C649 /* img_9.png */; };
		E4000BA52097685200C958CB /* SelectionButton.swift in Sources */ = {isa = PBXBuildFile; fileRef = E4000BA42097685100C958CB /* SelectionButton.swift */; };
		E41258A4209D15760013EB43 /* PresentMapFromFriends.swift in Sources */ = {isa = PBXBuildFile; fileRef = E41258A3209D15760013EB43 /* PresentMapFromFriends.swift */; };
		E43F3A5320A12E9B00F10942 /* LoginController.swift in Sources */ = {isa = PBXBuildFile; fileRef = E43F3A5220A12E9B00F10942 /* LoginController.swift */; };
		E475F6CC209FB84000EF4210 /* GradientView.swift in Sources */ = {isa = PBXBuildFile; fileRef = E475F6CB209FB84000EF4210 /* GradientView.swift */; };
		E475F6CE20A09A1800EF4210 /* MessageUI.framework in Frameworks */ = {isa = PBXBuildFile; fileRef = E475F6CD20A09A1800EF4210 /* MessageUI.framework */; };
		E4E2445C209B97B200468D4E /* ScaleTransition.swift in Sources */ = {isa = PBXBuildFile; fileRef = E4E2445B209B97B200468D4E /* ScaleTransition.swift */; };
		F18D196920937CD600C30A2F /* Users.swift in Sources */ = {isa = PBXBuildFile; fileRef = F18D196720937CD600C30A2F /* Users.swift */; };
		F18D196A20937CD600C30A2F /* FakeData.swift in Sources */ = {isa = PBXBuildFile; fileRef = F18D196820937CD600C30A2F /* FakeData.swift */; };
		F18D197220937D2300C30A2F /* FriendsTableViewCell.swift in Sources */ = {isa = PBXBuildFile; fileRef = F18D196C20937D2200C30A2F /* FriendsTableViewCell.swift */; };
		F18D197320937D2300C30A2F /* HeaderTableViewCell.swift in Sources */ = {isa = PBXBuildFile; fileRef = F18D196D20937D2200C30A2F /* HeaderTableViewCell.swift */; };
		F18D197420937D2300C30A2F /* FriendsUnavailableTableViewCell.swift in Sources */ = {isa = PBXBuildFile; fileRef = F18D196E20937D2300C30A2F /* FriendsUnavailableTableViewCell.swift */; };
		F18D197520937D2300C30A2F /* MapViewController.swift in Sources */ = {isa = PBXBuildFile; fileRef = F18D196F20937D2300C30A2F /* MapViewController.swift */; };
		F18D197620937D2300C30A2F /* CreateStatusController.swift in Sources */ = {isa = PBXBuildFile; fileRef = F18D197020937D2300C30A2F /* CreateStatusController.swift */; };
		F18D197720937D2300C30A2F /* FriendsUIViewController.swift in Sources */ = {isa = PBXBuildFile; fileRef = F18D197120937D2300C30A2F /* FriendsUIViewController.swift */; };
		F18D197920937D8900C30A2F /* GoogleService-Info.plist in Resources */ = {isa = PBXBuildFile; fileRef = F18D197820937D8800C30A2F /* GoogleService-Info.plist */; };
		F18D198220937EA700C30A2F /* Nunito-ExtraBold.ttf in Resources */ = {isa = PBXBuildFile; fileRef = F18D197D20937E2400C30A2F /* Nunito-ExtraBold.ttf */; };
		F18D198320937EA900C30A2F /* Nunito-SemiBold.ttf in Resources */ = {isa = PBXBuildFile; fileRef = F18D197E20937E2400C30A2F /* Nunito-SemiBold.ttf */; };
		F18D198420937EAC00C30A2F /* Nunito-Bold.ttf in Resources */ = {isa = PBXBuildFile; fileRef = F18D197F20937E2400C30A2F /* Nunito-Bold.ttf */; };
		F18D198D209386C000C30A2F /* Pods_Hang.framework in Frameworks */ = {isa = PBXBuildFile; fileRef = 13A7CFBED44ED2B663A82A83 /* Pods_Hang.framework */; settings = {ATTRIBUTES = (Weak, ); }; };
		F18D198E209386C000C30A2F /* Pods_Hang.framework in Embed Frameworks */ = {isa = PBXBuildFile; fileRef = 13A7CFBED44ED2B663A82A83 /* Pods_Hang.framework */; settings = {ATTRIBUTES = (CodeSignOnCopy, RemoveHeadersOnCopy, ); }; };
		F1AA1C2020883E9D009B909B /* AppDelegate.swift in Sources */ = {isa = PBXBuildFile; fileRef = F1AA1C1F20883E9D009B909B /* AppDelegate.swift */; };
		F1AA1C2520883E9D009B909B /* Main.storyboard in Resources */ = {isa = PBXBuildFile; fileRef = F1AA1C2320883E9D009B909B /* Main.storyboard */; };
		F1AA1C2720883E9D009B909B /* Assets.xcassets in Resources */ = {isa = PBXBuildFile; fileRef = F1AA1C2620883E9D009B909B /* Assets.xcassets */; };
		F1AA1C2A20883E9D009B909B /* LaunchScreen.storyboard in Resources */ = {isa = PBXBuildFile; fileRef = F1AA1C2820883E9D009B909B /* LaunchScreen.storyboard */; };
		F1AA1C3520883E9D009B909B /* HangTests.swift in Sources */ = {isa = PBXBuildFile; fileRef = F1AA1C3420883E9D009B909B /* HangTests.swift */; };
/* End PBXBuildFile section */

/* Begin PBXContainerItemProxy section */
		F1AA1C3120883E9D009B909B /* PBXContainerItemProxy */ = {
			isa = PBXContainerItemProxy;
			containerPortal = F1AA1C1420883E9D009B909B /* Project object */;
			proxyType = 1;
			remoteGlobalIDString = F1AA1C1B20883E9D009B909B;
			remoteInfo = Hang;
		};
/* End PBXContainerItemProxy section */

/* Begin PBXCopyFilesBuildPhase section */
		F18D198F209386C000C30A2F /* Embed Frameworks */ = {
			isa = PBXCopyFilesBuildPhase;
			buildActionMask = 2147483647;
			dstPath = "";
			dstSubfolderSpec = 10;
			files = (
				F18D198E209386C000C30A2F /* Pods_Hang.framework in Embed Frameworks */,
			);
			name = "Embed Frameworks";
			runOnlyForDeploymentPostprocessing = 0;
		};
/* End PBXCopyFilesBuildPhase section */

/* Begin PBXFileReference section */
		0F0B3B5E20EF646A62A4CC41 /* Pods-Hang.debug.xcconfig */ = {isa = PBXFileReference; includeInIndex = 1; lastKnownFileType = text.xcconfig; name = "Pods-Hang.debug.xcconfig"; path = "Pods/Target Support Files/Pods-Hang/Pods-Hang.debug.xcconfig"; sourceTree = "<group>"; };
		13A7CFBED44ED2B663A82A83 /* Pods_Hang.framework */ = {isa = PBXFileReference; explicitFileType = wrapper.framework; includeInIndex = 0; path = Pods_Hang.framework; sourceTree = BUILT_PRODUCTS_DIR; };
		4D97F30A0AC99EFC95D6888E /* Pods-HangUITests.debug.xcconfig */ = {isa = PBXFileReference; includeInIndex = 1; lastKnownFileType = text.xcconfig; name = "Pods-HangUITests.debug.xcconfig"; path = "Pods/Target Support Files/Pods-HangUITests/Pods-HangUITests.debug.xcconfig"; sourceTree = "<group>"; };
		5C89D1CA20B2021600C9F898 /* Hang.entitlements */ = {isa = PBXFileReference; lastKnownFileType = text.plist.entitlements; path = Hang.entitlements; sourceTree = "<group>"; };
		5CB087B48DF4ADBC2A8ACB26 /* Pods-HangUITests.release.xcconfig */ = {isa = PBXFileReference; includeInIndex = 1; lastKnownFileType = text.xcconfig; name = "Pods-HangUITests.release.xcconfig"; path = "Pods/Target Support Files/Pods-HangUITests/Pods-HangUITests.release.xcconfig"; sourceTree = "<group>"; };
		7A121084CFEBA71D4970A228 /* Pods-HangTests.release.xcconfig */ = {isa = PBXFileReference; includeInIndex = 1; lastKnownFileType = text.xcconfig; name = "Pods-HangTests.release.xcconfig"; path = "Pods/Target Support Files/Pods-HangTests/Pods-HangTests.release.xcconfig"; sourceTree = "<group>"; };
		854DA38D02140BDD11103F37 /* Pods-HangTests.debug.xcconfig */ = {isa = PBXFileReference; includeInIndex = 1; lastKnownFileType = text.xcconfig; name = "Pods-HangTests.debug.xcconfig"; path = "Pods/Target Support Files/Pods-HangTests/Pods-HangTests.debug.xcconfig"; sourceTree = "<group>"; };
		C149B95D20995FF500BAF433 /* FriendRequestTableViewCell.swift */ = {isa = PBXFileReference; lastKnownFileType = sourcecode.swift; path = FriendRequestTableViewCell.swift; sourceTree = "<group>"; };
		C14B5F0720A21E9A0038C649 /* hanganim.json */ = {isa = PBXFileReference; fileEncoding = 4; lastKnownFileType = text.json; path = hanganim.json; sourceTree = "<group>"; };
		C14B5F0B20A21F0B0038C649 /* img_13.png */ = {isa = PBXFileReference; lastKnownFileType = image.png; path = img_13.png; sourceTree = "<group>"; };
		C14B5F0C20A21F0B0038C649 /* img_5.png */ = {isa = PBXFileReference; lastKnownFileType = image.png; path = img_5.png; sourceTree = "<group>"; };
		C14B5F0D20A21F0B0038C649 /* img_3.png */ = {isa = PBXFileReference; lastKnownFileType = image.png; path = img_3.png; sourceTree = "<group>"; };
		C14B5F0E20A21F0B0038C649 /* img_6.png */ = {isa = PBXFileReference; lastKnownFileType = image.png; path = img_6.png; sourceTree = "<group>"; };
		C14B5F0F20A21F0B0038C649 /* img_4.png */ = {isa = PBXFileReference; lastKnownFileType = image.png; path = img_4.png; sourceTree = "<group>"; };
		C14B5F1020A21F0B0038C649 /* img_8.png */ = {isa = PBXFileReference; lastKnownFileType = image.png; path = img_8.png; sourceTree = "<group>"; };
		C14B5F1120A21F0B0038C649 /* img_14.png */ = {isa = PBXFileReference; lastKnownFileType = image.png; path = img_14.png; sourceTree = "<group>"; };
		C14B5F1220A21F0C0038C649 /* img_10.png */ = {isa = PBXFileReference; lastKnownFileType = image.png; path = img_10.png; sourceTree = "<group>"; };
		C14B5F1320A21F0C0038C649 /* img_12.png */ = {isa = PBXFileReference; lastKnownFileType = image.png; path = img_12.png; sourceTree = "<group>"; };
		C14B5F1420A21F0C0038C649 /* img_0.png */ = {isa = PBXFileReference; lastKnownFileType = image.png; path = img_0.png; sourceTree = "<group>"; };
		C14B5F1520A21F0C0038C649 /* img_1.png */ = {isa = PBXFileReference; lastKnownFileType = image.png; path = img_1.png; sourceTree = "<group>"; };
		C14B5F1620A21F0C0038C649 /* img_11.png */ = {isa = PBXFileReference; lastKnownFileType = image.png; path = img_11.png; sourceTree = "<group>"; };
		C14B5F1720A21F0C0038C649 /* img_2.png */ = {isa = PBXFileReference; lastKnownFileType = image.png; path = img_2.png; sourceTree = "<group>"; };
		C14B5F1820A21F0C0038C649 /* img_7.png */ = {isa = PBXFileReference; lastKnownFileType = image.png; path = img_7.png; sourceTree = "<group>"; };
		C14B5F1920A21F0D0038C649 /* img_9.png */ = {isa = PBXFileReference; lastKnownFileType = image.png; path = img_9.png; sourceTree = "<group>"; };
		CFF2C2E1ED4C13511822A760 /* Pods-Hang.release.xcconfig */ = {isa = PBXFileReference; includeInIndex = 1; lastKnownFileType = text.xcconfig; name = "Pods-Hang.release.xcconfig"; path = "Pods/Target Support Files/Pods-Hang/Pods-Hang.release.xcconfig"; sourceTree = "<group>"; };
		D24800295D4CA57586429064 /* Pods_HangUITests.framework */ = {isa = PBXFileReference; explicitFileType = wrapper.framework; includeInIndex = 0; path = Pods_HangUITests.framework; sourceTree = BUILT_PRODUCTS_DIR; };
		E1F09119C98B61BFAE804F46 /* Pods_HangTests.framework */ = {isa = PBXFileReference; explicitFileType = wrapper.framework; includeInIndex = 0; path = Pods_HangTests.framework; sourceTree = BUILT_PRODUCTS_DIR; };
		E4000BA42097685100C958CB /* SelectionButton.swift */ = {isa = PBXFileReference; fileEncoding = 4; lastKnownFileType = sourcecode.swift; path = SelectionButton.swift; sourceTree = "<group>"; };
		E41258A3209D15760013EB43 /* PresentMapFromFriends.swift */ = {isa = PBXFileReference; lastKnownFileType = sourcecode.swift; path = PresentMapFromFriends.swift; sourceTree = "<group>"; };
		E43F3A5220A12E9B00F10942 /* LoginController.swift */ = {isa = PBXFileReference; fileEncoding = 4; lastKnownFileType = sourcecode.swift; path = LoginController.swift; sourceTree = "<group>"; };
		E475F6CB209FB84000EF4210 /* GradientView.swift */ = {isa = PBXFileReference; lastKnownFileType = sourcecode.swift; path = GradientView.swift; sourceTree = "<group>"; };
		E475F6CD20A09A1800EF4210 /* MessageUI.framework */ = {isa = PBXFileReference; lastKnownFileType = wrapper.framework; name = MessageUI.framework; path = System/Library/Frameworks/MessageUI.framework; sourceTree = SDKROOT; };
		E4E2445B209B97B200468D4E /* ScaleTransition.swift */ = {isa = PBXFileReference; lastKnownFileType = sourcecode.swift; path = ScaleTransition.swift; sourceTree = "<group>"; };
		F18D196720937CD600C30A2F /* Users.swift */ = {isa = PBXFileReference; fileEncoding = 4; lastKnownFileType = sourcecode.swift; path = Users.swift; sourceTree = "<group>"; };
		F18D196820937CD600C30A2F /* FakeData.swift */ = {isa = PBXFileReference; fileEncoding = 4; lastKnownFileType = sourcecode.swift; path = FakeData.swift; sourceTree = "<group>"; };
		F18D196C20937D2200C30A2F /* FriendsTableViewCell.swift */ = {isa = PBXFileReference; fileEncoding = 4; lastKnownFileType = sourcecode.swift; path = FriendsTableViewCell.swift; sourceTree = "<group>"; };
		F18D196D20937D2200C30A2F /* HeaderTableViewCell.swift */ = {isa = PBXFileReference; fileEncoding = 4; lastKnownFileType = sourcecode.swift; path = HeaderTableViewCell.swift; sourceTree = "<group>"; };
		F18D196E20937D2300C30A2F /* FriendsUnavailableTableViewCell.swift */ = {isa = PBXFileReference; fileEncoding = 4; lastKnownFileType = sourcecode.swift; path = FriendsUnavailableTableViewCell.swift; sourceTree = "<group>"; };
		F18D196F20937D2300C30A2F /* MapViewController.swift */ = {isa = PBXFileReference; fileEncoding = 4; lastKnownFileType = sourcecode.swift; path = MapViewController.swift; sourceTree = "<group>"; };
		F18D197020937D2300C30A2F /* CreateStatusController.swift */ = {isa = PBXFileReference; fileEncoding = 4; lastKnownFileType = sourcecode.swift; path = CreateStatusController.swift; sourceTree = "<group>"; };
		F18D197120937D2300C30A2F /* FriendsUIViewController.swift */ = {isa = PBXFileReference; fileEncoding = 4; lastKnownFileType = sourcecode.swift; path = FriendsUIViewController.swift; sourceTree = "<group>"; };
		F18D197820937D8800C30A2F /* GoogleService-Info.plist */ = {isa = PBXFileReference; fileEncoding = 4; lastKnownFileType = text.plist.xml; path = "GoogleService-Info.plist"; sourceTree = "<group>"; };
		F18D197D20937E2400C30A2F /* Nunito-ExtraBold.ttf */ = {isa = PBXFileReference; lastKnownFileType = file; path = "Nunito-ExtraBold.ttf"; sourceTree = "<group>"; };
		F18D197E20937E2400C30A2F /* Nunito-SemiBold.ttf */ = {isa = PBXFileReference; lastKnownFileType = file; path = "Nunito-SemiBold.ttf"; sourceTree = "<group>"; };
		F18D197F20937E2400C30A2F /* Nunito-Bold.ttf */ = {isa = PBXFileReference; lastKnownFileType = file; path = "Nunito-Bold.ttf"; sourceTree = "<group>"; };
		F18D19962093899100C30A2F /* HangUITests.swift */ = {isa = PBXFileReference; lastKnownFileType = sourcecode.swift; path = HangUITests.swift; sourceTree = "<group>"; };
		F18D19982093899100C30A2F /* Info.plist */ = {isa = PBXFileReference; lastKnownFileType = text.plist.xml; path = Info.plist; sourceTree = "<group>"; };
		F1AA1C1C20883E9D009B909B /* Hang.app */ = {isa = PBXFileReference; explicitFileType = wrapper.application; includeInIndex = 0; path = Hang.app; sourceTree = BUILT_PRODUCTS_DIR; };
		F1AA1C1F20883E9D009B909B /* AppDelegate.swift */ = {isa = PBXFileReference; lastKnownFileType = sourcecode.swift; path = AppDelegate.swift; sourceTree = "<group>"; };
		F1AA1C2420883E9D009B909B /* Base */ = {isa = PBXFileReference; lastKnownFileType = file.storyboard; name = Base; path = Base.lproj/Main.storyboard; sourceTree = "<group>"; };
		F1AA1C2620883E9D009B909B /* Assets.xcassets */ = {isa = PBXFileReference; lastKnownFileType = folder.assetcatalog; path = Assets.xcassets; sourceTree = "<group>"; };
		F1AA1C2920883E9D009B909B /* Base */ = {isa = PBXFileReference; lastKnownFileType = file.storyboard; name = Base; path = Base.lproj/LaunchScreen.storyboard; sourceTree = "<group>"; };
		F1AA1C2B20883E9D009B909B /* Info.plist */ = {isa = PBXFileReference; lastKnownFileType = text.plist.xml; path = Info.plist; sourceTree = "<group>"; };
		F1AA1C3020883E9D009B909B /* HangTests.xctest */ = {isa = PBXFileReference; explicitFileType = wrapper.cfbundle; includeInIndex = 0; path = HangTests.xctest; sourceTree = BUILT_PRODUCTS_DIR; };
		F1AA1C3420883E9D009B909B /* HangTests.swift */ = {isa = PBXFileReference; lastKnownFileType = sourcecode.swift; path = HangTests.swift; sourceTree = "<group>"; };
		F1AA1C3620883E9D009B909B /* Info.plist */ = {isa = PBXFileReference; lastKnownFileType = text.plist.xml; path = Info.plist; sourceTree = "<group>"; };
/* End PBXFileReference section */

/* Begin PBXFrameworksBuildPhase section */
		F1AA1C1920883E9D009B909B /* Frameworks */ = {
			isa = PBXFrameworksBuildPhase;
			buildActionMask = 2147483647;
			files = (
				E475F6CE20A09A1800EF4210 /* MessageUI.framework in Frameworks */,
				F18D198D209386C000C30A2F /* Pods_Hang.framework in Frameworks */,
			);
			runOnlyForDeploymentPostprocessing = 0;
		};
		F1AA1C2D20883E9D009B909B /* Frameworks */ = {
			isa = PBXFrameworksBuildPhase;
			buildActionMask = 2147483647;
			files = (
				A79BE749809C61435ADCDA7E /* Pods_HangTests.framework in Frameworks */,
			);
			runOnlyForDeploymentPostprocessing = 0;
		};
/* End PBXFrameworksBuildPhase section */

/* Begin PBXGroup section */
		02DB98F6CA42BA763E555ACD /* Frameworks */ = {
			isa = PBXGroup;
			children = (
				E475F6CD20A09A1800EF4210 /* MessageUI.framework */,
				13A7CFBED44ED2B663A82A83 /* Pods_Hang.framework */,
				E1F09119C98B61BFAE804F46 /* Pods_HangTests.framework */,
				D24800295D4CA57586429064 /* Pods_HangUITests.framework */,
			);
			name = Frameworks;
			sourceTree = "<group>";
		};
		C14B5F0A20A21EF40038C649 /* images */ = {
			isa = PBXGroup;
			children = (
				C14B5F1420A21F0C0038C649 /* img_0.png */,
				C14B5F1520A21F0C0038C649 /* img_1.png */,
				C14B5F1720A21F0C0038C649 /* img_2.png */,
				C14B5F0D20A21F0B0038C649 /* img_3.png */,
				C14B5F0F20A21F0B0038C649 /* img_4.png */,
				C14B5F0C20A21F0B0038C649 /* img_5.png */,
				C14B5F0E20A21F0B0038C649 /* img_6.png */,
				C14B5F1820A21F0C0038C649 /* img_7.png */,
				C14B5F1020A21F0B0038C649 /* img_8.png */,
				C14B5F1920A21F0D0038C649 /* img_9.png */,
				C14B5F1220A21F0C0038C649 /* img_10.png */,
				C14B5F1620A21F0C0038C649 /* img_11.png */,
				C14B5F1320A21F0C0038C649 /* img_12.png */,
				C14B5F0B20A21F0B0038C649 /* img_13.png */,
				C14B5F1120A21F0B0038C649 /* img_14.png */,
			);
			name = images;
			sourceTree = "<group>";
		};
		C301FCDFE24E33F1839116CA /* Pods */ = {
			isa = PBXGroup;
			children = (
				0F0B3B5E20EF646A62A4CC41 /* Pods-Hang.debug.xcconfig */,
				CFF2C2E1ED4C13511822A760 /* Pods-Hang.release.xcconfig */,
				854DA38D02140BDD11103F37 /* Pods-HangTests.debug.xcconfig */,
				7A121084CFEBA71D4970A228 /* Pods-HangTests.release.xcconfig */,
				4D97F30A0AC99EFC95D6888E /* Pods-HangUITests.debug.xcconfig */,
				5CB087B48DF4ADBC2A8ACB26 /* Pods-HangUITests.release.xcconfig */,
			);
			name = Pods;
			sourceTree = "<group>";
		};
		F18D196620937CC500C30A2F /* Model */ = {
			isa = PBXGroup;
			children = (
				E4000BA42097685100C958CB /* SelectionButton.swift */,
				F18D196820937CD600C30A2F /* FakeData.swift */,
				F18D196720937CD600C30A2F /* Users.swift */,
				E4E2445B209B97B200468D4E /* ScaleTransition.swift */,
				E41258A3209D15760013EB43 /* PresentMapFromFriends.swift */,
				E475F6CB209FB84000EF4210 /* GradientView.swift */,
			);
			path = Model;
			sourceTree = "<group>";
		};
		F18D196B20937CF200C30A2F /* Controller */ = {
			isa = PBXGroup;
			children = (
				E43F3A5220A12E9B00F10942 /* LoginController.swift */,
				F18D197020937D2300C30A2F /* CreateStatusController.swift */,
				F18D196C20937D2200C30A2F /* FriendsTableViewCell.swift */,
				C149B95D20995FF500BAF433 /* FriendRequestTableViewCell.swift */,
				F18D197120937D2300C30A2F /* FriendsUIViewController.swift */,
				F18D196E20937D2300C30A2F /* FriendsUnavailableTableViewCell.swift */,
				F18D196D20937D2200C30A2F /* HeaderTableViewCell.swift */,
				F18D196F20937D2300C30A2F /* MapViewController.swift */,
			);
			path = Controller;
			sourceTree = "<group>";
		};
		F18D198020937E4500C30A2F /* fonts */ = {
			isa = PBXGroup;
			children = (
				F18D197F20937E2400C30A2F /* Nunito-Bold.ttf */,
				F18D197D20937E2400C30A2F /* Nunito-ExtraBold.ttf */,
				F18D197E20937E2400C30A2F /* Nunito-SemiBold.ttf */,
			);
			path = fonts;
			sourceTree = "<group>";
		};
		F18D19952093899100C30A2F /* HangUITests */ = {
			isa = PBXGroup;
			children = (
				F18D19962093899100C30A2F /* HangUITests.swift */,
				F18D19982093899100C30A2F /* Info.plist */,
			);
			path = HangUITests;
			sourceTree = "<group>";
		};
		F1AA1C1320883E9D009B909B = {
			isa = PBXGroup;
			children = (
				F1AA1C1E20883E9D009B909B /* Hang */,
				F1AA1C3320883E9D009B909B /* HangTests */,
				F18D19952093899100C30A2F /* HangUITests */,
				F1AA1C1D20883E9D009B909B /* Products */,
				C301FCDFE24E33F1839116CA /* Pods */,
				02DB98F6CA42BA763E555ACD /* Frameworks */,
			);
			sourceTree = "<group>";
		};
		F1AA1C1D20883E9D009B909B /* Products */ = {
			isa = PBXGroup;
			children = (
				F1AA1C1C20883E9D009B909B /* Hang.app */,
				F1AA1C3020883E9D009B909B /* HangTests.xctest */,
			);
			name = Products;
			sourceTree = "<group>";
		};
		F1AA1C1E20883E9D009B909B /* Hang */ = {
			isa = PBXGroup;
			children = (
				5C89D1CA20B2021600C9F898 /* Hang.entitlements */,
				C14B5F0A20A21EF40038C649 /* images */,
				C14B5F0720A21E9A0038C649 /* hanganim.json */,
				F18D198020937E4500C30A2F /* fonts */,
				F18D197820937D8800C30A2F /* GoogleService-Info.plist */,
				F18D196B20937CF200C30A2F /* Controller */,
				F18D196620937CC500C30A2F /* Model */,
				F1AA1C1F20883E9D009B909B /* AppDelegate.swift */,
				F1AA1C2320883E9D009B909B /* Main.storyboard */,
				F1AA1C2620883E9D009B909B /* Assets.xcassets */,
				F1AA1C2820883E9D009B909B /* LaunchScreen.storyboard */,
				F1AA1C2B20883E9D009B909B /* Info.plist */,
			);
			path = Hang;
			sourceTree = "<group>";
		};
		F1AA1C3320883E9D009B909B /* HangTests */ = {
			isa = PBXGroup;
			children = (
				F1AA1C3420883E9D009B909B /* HangTests.swift */,
				F1AA1C3620883E9D009B909B /* Info.plist */,
			);
			path = HangTests;
			sourceTree = "<group>";
		};
/* End PBXGroup section */

/* Begin PBXNativeTarget section */
		F1AA1C1B20883E9D009B909B /* Hang */ = {
			isa = PBXNativeTarget;
			buildConfigurationList = F1AA1C4420883E9D009B909B /* Build configuration list for PBXNativeTarget "Hang" */;
			buildPhases = (
				3E6FB435B2975DEB1E89D78C /* [CP] Check Pods Manifest.lock */,
				F1AA1C1820883E9D009B909B /* Sources */,
				F1AA1C1920883E9D009B909B /* Frameworks */,
				F1AA1C1A20883E9D009B909B /* Resources */,
				26D28E7EC7B21DFBD9405313 /* [CP] Embed Pods Frameworks */,
				F18D198F209386C000C30A2F /* Embed Frameworks */,
				F18D19AE2093DE0000C30A2F /* ShellScript */,
			);
			buildRules = (
			);
			dependencies = (
			);
			name = Hang;
			productName = Hang;
			productReference = F1AA1C1C20883E9D009B909B /* Hang.app */;
			productType = "com.apple.product-type.application";
		};
		F1AA1C2F20883E9D009B909B /* HangTests */ = {
			isa = PBXNativeTarget;
			buildConfigurationList = F1AA1C4720883E9D009B909B /* Build configuration list for PBXNativeTarget "HangTests" */;
			buildPhases = (
				ADB7947403291215CE3FAE0E /* [CP] Check Pods Manifest.lock */,
				F1AA1C2C20883E9D009B909B /* Sources */,
				F1AA1C2D20883E9D009B909B /* Frameworks */,
				F1AA1C2E20883E9D009B909B /* Resources */,
			);
			buildRules = (
			);
			dependencies = (
				F1AA1C3220883E9D009B909B /* PBXTargetDependency */,
			);
			name = HangTests;
			productName = HangTests;
			productReference = F1AA1C3020883E9D009B909B /* HangTests.xctest */;
			productType = "com.apple.product-type.bundle.unit-test";
		};
/* End PBXNativeTarget section */

/* Begin PBXProject section */
		F1AA1C1420883E9D009B909B /* Project object */ = {
			isa = PBXProject;
			attributes = {
				LastSwiftUpdateCheck = 0920;
				LastUpgradeCheck = 0930;
				ORGANIZATIONNAME = "Ben Hylak";
				TargetAttributes = {
					F1AA1C1B20883E9D009B909B = {
						CreatedOnToolsVersion = 9.2;
						ProvisioningStyle = Automatic;
						SystemCapabilities = {
							com.apple.Push = {
								enabled = 1;
							};
						};
					};
					F1AA1C2F20883E9D009B909B = {
						CreatedOnToolsVersion = 9.2;
						ProvisioningStyle = Automatic;
						TestTargetID = F1AA1C1B20883E9D009B909B;
					};
				};
			};
			buildConfigurationList = F1AA1C1720883E9D009B909B /* Build configuration list for PBXProject "Hang" */;
			compatibilityVersion = "Xcode 8.0";
			developmentRegion = en;
			hasScannedForEncodings = 0;
			knownRegions = (
				en,
				Base,
			);
			mainGroup = F1AA1C1320883E9D009B909B;
			productRefGroup = F1AA1C1D20883E9D009B909B /* Products */;
			projectDirPath = "";
			projectRoot = "";
			targets = (
				F1AA1C1B20883E9D009B909B /* Hang */,
				F1AA1C2F20883E9D009B909B /* HangTests */,
			);
		};
/* End PBXProject section */

/* Begin PBXResourcesBuildPhase section */
		F1AA1C1A20883E9D009B909B /* Resources */ = {
			isa = PBXResourcesBuildPhase;
			buildActionMask = 2147483647;
			files = (
				C14B5F2620A21F0D0038C649 /* img_2.png in Resources */,
				F18D198320937EA900C30A2F /* Nunito-SemiBold.ttf in Resources */,
				C14B5F1A20A21F0D0038C649 /* img_13.png in Resources */,
				F1AA1C2A20883E9D009B909B /* LaunchScreen.storyboard in Resources */,
				F18D197920937D8900C30A2F /* GoogleService-Info.plist in Resources */,
				C14B5F2220A21F0D0038C649 /* img_12.png in Resources */,
				C14B5F2520A21F0D0038C649 /* img_11.png in Resources */,
				C14B5F1D20A21F0D0038C649 /* img_6.png in Resources */,
				F1AA1C2720883E9D009B909B /* Assets.xcassets in Resources */,
				C14B5F2120A21F0D0038C649 /* img_10.png in Resources */,
				F18D198220937EA700C30A2F /* Nunito-ExtraBold.ttf in Resources */,
				F18D198420937EAC00C30A2F /* Nunito-Bold.ttf in Resources */,
				C14B5F1B20A21F0D0038C649 /* img_5.png in Resources */,
				C14B5F0920A21E9B0038C649 /* hanganim.json in Resources */,
				C14B5F2420A21F0D0038C649 /* img_1.png in Resources */,
				C14B5F2320A21F0D0038C649 /* img_0.png in Resources */,
				C14B5F2820A21F0D0038C649 /* img_9.png in Resources */,
				F1AA1C2520883E9D009B909B /* Main.storyboard in Resources */,
				C14B5F1E20A21F0D0038C649 /* img_4.png in Resources */,
				C14B5F2720A21F0D0038C649 /* img_7.png in Resources */,
				C14B5F1C20A21F0D0038C649 /* img_3.png in Resources */,
				C14B5F2020A21F0D0038C649 /* img_14.png in Resources */,
				C14B5F1F20A21F0D0038C649 /* img_8.png in Resources */,
			);
			runOnlyForDeploymentPostprocessing = 0;
		};
		F1AA1C2E20883E9D009B909B /* Resources */ = {
			isa = PBXResourcesBuildPhase;
			buildActionMask = 2147483647;
			files = (
			);
			runOnlyForDeploymentPostprocessing = 0;
		};
/* End PBXResourcesBuildPhase section */

/* Begin PBXShellScriptBuildPhase section */
		26D28E7EC7B21DFBD9405313 /* [CP] Embed Pods Frameworks */ = {
			isa = PBXShellScriptBuildPhase;
			buildActionMask = 2147483647;
			files = (
			);
			inputPaths = (
				"${SRCROOT}/Pods/Target Support Files/Pods-Hang/Pods-Hang-frameworks.sh",
				"${BUILT_PRODUCTS_DIR}/GTMSessionFetcher/GTMSessionFetcher.framework",
				"${BUILT_PRODUCTS_DIR}/GoogleToolboxForMac/GoogleToolboxForMac.framework",
				"${PODS_ROOT}/Mapbox-iOS-SDK/dynamic/Mapbox.framework",
				"${PODS_ROOT}/Mapbox-iOS-SDK/dynamic/Mapbox.framework.dSYM",
				"${BUILT_PRODUCTS_DIR}/Protobuf/Protobuf.framework",
				"${BUILT_PRODUCTS_DIR}/SnapKit/SnapKit.framework",
				"${BUILT_PRODUCTS_DIR}/leveldb-library/leveldb.framework",
				"${BUILT_PRODUCTS_DIR}/lottie-ios/Lottie.framework",
				"${BUILT_PRODUCTS_DIR}/nanopb/nanopb.framework",
			);
			name = "[CP] Embed Pods Frameworks";
			outputPaths = (
				"${TARGET_BUILD_DIR}/${FRAMEWORKS_FOLDER_PATH}/GTMSessionFetcher.framework",
				"${TARGET_BUILD_DIR}/${FRAMEWORKS_FOLDER_PATH}/GoogleToolboxForMac.framework",
				"${TARGET_BUILD_DIR}/${FRAMEWORKS_FOLDER_PATH}/Mapbox.framework",
				"${DWARF_DSYM_FOLDER_PATH}/Mapbox.framework.dSYM",
				"${TARGET_BUILD_DIR}/${FRAMEWORKS_FOLDER_PATH}/Protobuf.framework",
				"${TARGET_BUILD_DIR}/${FRAMEWORKS_FOLDER_PATH}/SnapKit.framework",
				"${TARGET_BUILD_DIR}/${FRAMEWORKS_FOLDER_PATH}/leveldb.framework",
				"${TARGET_BUILD_DIR}/${FRAMEWORKS_FOLDER_PATH}/Lottie.framework",
				"${TARGET_BUILD_DIR}/${FRAMEWORKS_FOLDER_PATH}/nanopb.framework",
			);
			runOnlyForDeploymentPostprocessing = 0;
			shellPath = /bin/sh;
			shellScript = "\"${SRCROOT}/Pods/Target Support Files/Pods-Hang/Pods-Hang-frameworks.sh\"\n";
			showEnvVarsInLog = 0;
		};
		3E6FB435B2975DEB1E89D78C /* [CP] Check Pods Manifest.lock */ = {
			isa = PBXShellScriptBuildPhase;
			buildActionMask = 2147483647;
			files = (
			);
			inputPaths = (
				"${PODS_PODFILE_DIR_PATH}/Podfile.lock",
				"${PODS_ROOT}/Manifest.lock",
			);
			name = "[CP] Check Pods Manifest.lock";
			outputPaths = (
				"$(DERIVED_FILE_DIR)/Pods-Hang-checkManifestLockResult.txt",
			);
			runOnlyForDeploymentPostprocessing = 0;
			shellPath = /bin/sh;
			shellScript = "diff \"${PODS_PODFILE_DIR_PATH}/Podfile.lock\" \"${PODS_ROOT}/Manifest.lock\" > /dev/null\nif [ $? != 0 ] ; then\n    # print error to STDERR\n    echo \"error: The sandbox is not in sync with the Podfile.lock. Run 'pod install' or update your CocoaPods installation.\" >&2\n    exit 1\nfi\n# This output is used by Xcode 'outputs' to avoid re-running this script phase.\necho \"SUCCESS\" > \"${SCRIPT_OUTPUT_FILE_0}\"\n";
			showEnvVarsInLog = 0;
		};
		ADB7947403291215CE3FAE0E /* [CP] Check Pods Manifest.lock */ = {
			isa = PBXShellScriptBuildPhase;
			buildActionMask = 2147483647;
			files = (
			);
			inputPaths = (
				"${PODS_PODFILE_DIR_PATH}/Podfile.lock",
				"${PODS_ROOT}/Manifest.lock",
			);
			name = "[CP] Check Pods Manifest.lock";
			outputPaths = (
				"$(DERIVED_FILE_DIR)/Pods-HangTests-checkManifestLockResult.txt",
			);
			runOnlyForDeploymentPostprocessing = 0;
			shellPath = /bin/sh;
			shellScript = "diff \"${PODS_PODFILE_DIR_PATH}/Podfile.lock\" \"${PODS_ROOT}/Manifest.lock\" > /dev/null\nif [ $? != 0 ] ; then\n    # print error to STDERR\n    echo \"error: The sandbox is not in sync with the Podfile.lock. Run 'pod install' or update your CocoaPods installation.\" >&2\n    exit 1\nfi\n# This output is used by Xcode 'outputs' to avoid re-running this script phase.\necho \"SUCCESS\" > \"${SCRIPT_OUTPUT_FILE_0}\"\n";
			showEnvVarsInLog = 0;
		};
		F18D19AE2093DE0000C30A2F /* ShellScript */ = {
			isa = PBXShellScriptBuildPhase;
			buildActionMask = 2147483647;
			files = (
			);
			inputPaths = (
			);
			outputPaths = (
			);
			runOnlyForDeploymentPostprocessing = 0;
			shellPath = /bin/sh;
			shellScript = "bash \"${BUILT_PRODUCTS_DIR}/${FRAMEWORKS_FOLDER_PATH}/Mapbox.framework/strip-frameworks.sh\"";
		};
/* End PBXShellScriptBuildPhase section */

/* Begin PBXSourcesBuildPhase section */
		F1AA1C1820883E9D009B909B /* Sources */ = {
			isa = PBXSourcesBuildPhase;
			buildActionMask = 2147483647;
			files = (
				F18D196A20937CD600C30A2F /* FakeData.swift in Sources */,
				E4E2445C209B97B200468D4E /* ScaleTransition.swift in Sources */,
				F18D197720937D2300C30A2F /* FriendsUIViewController.swift in Sources */,
				F18D197320937D2300C30A2F /* HeaderTableViewCell.swift in Sources */,
				E475F6CC209FB84000EF4210 /* GradientView.swift in Sources */,
				F18D197420937D2300C30A2F /* FriendsUnavailableTableViewCell.swift in Sources */,
				F18D197620937D2300C30A2F /* CreateStatusController.swift in Sources */,
				C149B95E20995FF500BAF433 /* FriendRequestTableViewCell.swift in Sources */,
				F18D196920937CD600C30A2F /* Users.swift in Sources */,
				E4000BA52097685200C958CB /* SelectionButton.swift in Sources */,
				F1AA1C2020883E9D009B909B /* AppDelegate.swift in Sources */,
				F18D197220937D2300C30A2F /* FriendsTableViewCell.swift in Sources */,
				F18D197520937D2300C30A2F /* MapViewController.swift in Sources */,
				E43F3A5320A12E9B00F10942 /* LoginController.swift in Sources */,
				E41258A4209D15760013EB43 /* PresentMapFromFriends.swift in Sources */,
			);
			runOnlyForDeploymentPostprocessing = 0;
		};
		F1AA1C2C20883E9D009B909B /* Sources */ = {
			isa = PBXSourcesBuildPhase;
			buildActionMask = 2147483647;
			files = (
				F1AA1C3520883E9D009B909B /* HangTests.swift in Sources */,
			);
			runOnlyForDeploymentPostprocessing = 0;
		};
/* End PBXSourcesBuildPhase section */

/* Begin PBXTargetDependency section */
		F1AA1C3220883E9D009B909B /* PBXTargetDependency */ = {
			isa = PBXTargetDependency;
			target = F1AA1C1B20883E9D009B909B /* Hang */;
			targetProxy = F1AA1C3120883E9D009B909B /* PBXContainerItemProxy */;
		};
/* End PBXTargetDependency section */

/* Begin PBXVariantGroup section */
		F1AA1C2320883E9D009B909B /* Main.storyboard */ = {
			isa = PBXVariantGroup;
			children = (
				F1AA1C2420883E9D009B909B /* Base */,
			);
			name = Main.storyboard;
			sourceTree = "<group>";
		};
		F1AA1C2820883E9D009B909B /* LaunchScreen.storyboard */ = {
			isa = PBXVariantGroup;
			children = (
				F1AA1C2920883E9D009B909B /* Base */,
			);
			name = LaunchScreen.storyboard;
			sourceTree = "<group>";
		};
/* End PBXVariantGroup section */

/* Begin XCBuildConfiguration section */
		F1AA1C4220883E9D009B909B /* Debug */ = {
			isa = XCBuildConfiguration;
			buildSettings = {
				ALWAYS_SEARCH_USER_PATHS = NO;
				CLANG_ANALYZER_NONNULL = YES;
				CLANG_ANALYZER_NUMBER_OBJECT_CONVERSION = YES_AGGRESSIVE;
				CLANG_CXX_LANGUAGE_STANDARD = "gnu++14";
				CLANG_CXX_LIBRARY = "libc++";
				CLANG_ENABLE_MODULES = YES;
				CLANG_ENABLE_OBJC_ARC = YES;
				CLANG_WARN_BLOCK_CAPTURE_AUTORELEASING = YES;
				CLANG_WARN_BOOL_CONVERSION = YES;
				CLANG_WARN_COMMA = YES;
				CLANG_WARN_CONSTANT_CONVERSION = YES;
				CLANG_WARN_DEPRECATED_OBJC_IMPLEMENTATIONS = YES;
				CLANG_WARN_DIRECT_OBJC_ISA_USAGE = YES_ERROR;
				CLANG_WARN_DOCUMENTATION_COMMENTS = YES;
				CLANG_WARN_EMPTY_BODY = YES;
				CLANG_WARN_ENUM_CONVERSION = YES;
				CLANG_WARN_INFINITE_RECURSION = YES;
				CLANG_WARN_INT_CONVERSION = YES;
				CLANG_WARN_NON_LITERAL_NULL_CONVERSION = YES;
				CLANG_WARN_OBJC_IMPLICIT_RETAIN_SELF = YES;
				CLANG_WARN_OBJC_LITERAL_CONVERSION = YES;
				CLANG_WARN_OBJC_ROOT_CLASS = YES_ERROR;
				CLANG_WARN_RANGE_LOOP_ANALYSIS = YES;
				CLANG_WARN_STRICT_PROTOTYPES = YES;
				CLANG_WARN_SUSPICIOUS_MOVE = YES;
				CLANG_WARN_UNGUARDED_AVAILABILITY = YES_AGGRESSIVE;
				CLANG_WARN_UNREACHABLE_CODE = YES;
				CLANG_WARN__DUPLICATE_METHOD_MATCH = YES;
				CODE_SIGN_IDENTITY = "iPhone Developer";
				COPY_PHASE_STRIP = NO;
				DEBUG_INFORMATION_FORMAT = dwarf;
				ENABLE_STRICT_OBJC_MSGSEND = YES;
				ENABLE_TESTABILITY = YES;
				GCC_C_LANGUAGE_STANDARD = gnu11;
				GCC_DYNAMIC_NO_PIC = NO;
				GCC_NO_COMMON_BLOCKS = YES;
				GCC_OPTIMIZATION_LEVEL = 0;
				GCC_PREPROCESSOR_DEFINITIONS = (
					"DEBUG=1",
					"$(inherited)",
				);
				GCC_WARN_64_TO_32_BIT_CONVERSION = YES;
				GCC_WARN_ABOUT_RETURN_TYPE = YES_ERROR;
				GCC_WARN_UNDECLARED_SELECTOR = YES;
				GCC_WARN_UNINITIALIZED_AUTOS = YES_AGGRESSIVE;
				GCC_WARN_UNUSED_FUNCTION = YES;
				GCC_WARN_UNUSED_VARIABLE = YES;
				IPHONEOS_DEPLOYMENT_TARGET = 11.2;
				MTL_ENABLE_DEBUG_INFO = YES;
				ONLY_ACTIVE_ARCH = YES;
				SDKROOT = iphoneos;
				SWIFT_ACTIVE_COMPILATION_CONDITIONS = DEBUG;
				SWIFT_OPTIMIZATION_LEVEL = "-Onone";
			};
			name = Debug;
		};
		F1AA1C4320883E9D009B909B /* Release */ = {
			isa = XCBuildConfiguration;
			buildSettings = {
				ALWAYS_SEARCH_USER_PATHS = NO;
				CLANG_ANALYZER_NONNULL = YES;
				CLANG_ANALYZER_NUMBER_OBJECT_CONVERSION = YES_AGGRESSIVE;
				CLANG_CXX_LANGUAGE_STANDARD = "gnu++14";
				CLANG_CXX_LIBRARY = "libc++";
				CLANG_ENABLE_MODULES = YES;
				CLANG_ENABLE_OBJC_ARC = YES;
				CLANG_WARN_BLOCK_CAPTURE_AUTORELEASING = YES;
				CLANG_WARN_BOOL_CONVERSION = YES;
				CLANG_WARN_COMMA = YES;
				CLANG_WARN_CONSTANT_CONVERSION = YES;
				CLANG_WARN_DEPRECATED_OBJC_IMPLEMENTATIONS = YES;
				CLANG_WARN_DIRECT_OBJC_ISA_USAGE = YES_ERROR;
				CLANG_WARN_DOCUMENTATION_COMMENTS = YES;
				CLANG_WARN_EMPTY_BODY = YES;
				CLANG_WARN_ENUM_CONVERSION = YES;
				CLANG_WARN_INFINITE_RECURSION = YES;
				CLANG_WARN_INT_CONVERSION = YES;
				CLANG_WARN_NON_LITERAL_NULL_CONVERSION = YES;
				CLANG_WARN_OBJC_IMPLICIT_RETAIN_SELF = YES;
				CLANG_WARN_OBJC_LITERAL_CONVERSION = YES;
				CLANG_WARN_OBJC_ROOT_CLASS = YES_ERROR;
				CLANG_WARN_RANGE_LOOP_ANALYSIS = YES;
				CLANG_WARN_STRICT_PROTOTYPES = YES;
				CLANG_WARN_SUSPICIOUS_MOVE = YES;
				CLANG_WARN_UNGUARDED_AVAILABILITY = YES_AGGRESSIVE;
				CLANG_WARN_UNREACHABLE_CODE = YES;
				CLANG_WARN__DUPLICATE_METHOD_MATCH = YES;
				CODE_SIGN_IDENTITY = "iPhone Developer";
				COPY_PHASE_STRIP = NO;
				DEBUG_INFORMATION_FORMAT = "dwarf-with-dsym";
				ENABLE_NS_ASSERTIONS = NO;
				ENABLE_STRICT_OBJC_MSGSEND = YES;
				GCC_C_LANGUAGE_STANDARD = gnu11;
				GCC_NO_COMMON_BLOCKS = YES;
				GCC_WARN_64_TO_32_BIT_CONVERSION = YES;
				GCC_WARN_ABOUT_RETURN_TYPE = YES_ERROR;
				GCC_WARN_UNDECLARED_SELECTOR = YES;
				GCC_WARN_UNINITIALIZED_AUTOS = YES_AGGRESSIVE;
				GCC_WARN_UNUSED_FUNCTION = YES;
				GCC_WARN_UNUSED_VARIABLE = YES;
				IPHONEOS_DEPLOYMENT_TARGET = 11.2;
				MTL_ENABLE_DEBUG_INFO = NO;
				SDKROOT = iphoneos;
				SWIFT_OPTIMIZATION_LEVEL = "-Owholemodule";
				VALIDATE_PRODUCT = YES;
			};
			name = Release;
		};
		F1AA1C4520883E9D009B909B /* Debug */ = {
			isa = XCBuildConfiguration;
			baseConfigurationReference = 0F0B3B5E20EF646A62A4CC41 /* Pods-Hang.debug.xcconfig */;
			buildSettings = {
				ASSETCATALOG_COMPILER_APPICON_NAME = AppIcon;
				CODE_SIGN_ENTITLEMENTS = Hang/Hang.entitlements;
				CODE_SIGN_STYLE = Automatic;
				DEVELOPMENT_TEAM = K8X8QHD8B3;
				ENABLE_BITCODE = NO;
				FRAMEWORK_SEARCH_PATHS = (
					"$(inherited)",
					"$(PROJECT_DIR)/Pods/Mapbox-iOS-SDK/dynamic",
				);
				INFOPLIST_FILE = Hang/Info.plist;
				LD_RUNPATH_SEARCH_PATHS = "$(inherited) @executable_path/Frameworks";
				NEW_SETTING = "";
				PRODUCT_BUNDLE_IDENTIFIER = com.HangApp;
				PRODUCT_NAME = "$(TARGET_NAME)";
				SWIFT_VERSION = 4.0;
				TARGETED_DEVICE_FAMILY = "1,2";
			};
			name = Debug;
		};
		F1AA1C4620883E9D009B909B /* Release */ = {
			isa = XCBuildConfiguration;
			baseConfigurationReference = CFF2C2E1ED4C13511822A760 /* Pods-Hang.release.xcconfig */;
			buildSettings = {
				ASSETCATALOG_COMPILER_APPICON_NAME = AppIcon;
				CODE_SIGN_ENTITLEMENTS = Hang/Hang.entitlements;
				CODE_SIGN_STYLE = Automatic;
				DEVELOPMENT_TEAM = K8X8QHD8B3;
				ENABLE_BITCODE = NO;
				FRAMEWORK_SEARCH_PATHS = (
					"$(inherited)",
					"$(PROJECT_DIR)/Pods/Mapbox-iOS-SDK/dynamic",
				);
				INFOPLIST_FILE = Hang/Info.plist;
				LD_RUNPATH_SEARCH_PATHS = "$(inherited) @executable_path/Frameworks";
				NEW_SETTING = "";
				PRODUCT_BUNDLE_IDENTIFIER = com.HangApp;
				PRODUCT_NAME = "$(TARGET_NAME)";
				SWIFT_VERSION = 4.0;
				TARGETED_DEVICE_FAMILY = "1,2";
			};
			name = Release;
		};
		F1AA1C4820883E9D009B909B /* Debug */ = {
			isa = XCBuildConfiguration;
			baseConfigurationReference = 854DA38D02140BDD11103F37 /* Pods-HangTests.debug.xcconfig */;
			buildSettings = {
				ALWAYS_EMBED_SWIFT_STANDARD_LIBRARIES = YES;
				BUNDLE_LOADER = "$(TEST_HOST)";
				CODE_SIGN_STYLE = Automatic;
				DEVELOPMENT_TEAM = V4R3697688;
				INFOPLIST_FILE = HangTests/Info.plist;
				LD_RUNPATH_SEARCH_PATHS = "$(inherited) @executable_path/Frameworks @loader_path/Frameworks";
				PRODUCT_BUNDLE_IDENTIFIER = dankehq.HangTests;
				PRODUCT_NAME = "$(TARGET_NAME)";
				SWIFT_VERSION = 4.0;
				TARGETED_DEVICE_FAMILY = "1,2";
				TEST_HOST = "$(BUILT_PRODUCTS_DIR)/Hang.app/Hang";
			};
			name = Debug;
		};
		F1AA1C4920883E9D009B909B /* Release */ = {
			isa = XCBuildConfiguration;
			baseConfigurationReference = 7A121084CFEBA71D4970A228 /* Pods-HangTests.release.xcconfig */;
			buildSettings = {
				ALWAYS_EMBED_SWIFT_STANDARD_LIBRARIES = YES;
				BUNDLE_LOADER = "$(TEST_HOST)";
				CODE_SIGN_STYLE = Automatic;
				DEVELOPMENT_TEAM = V4R3697688;
				INFOPLIST_FILE = HangTests/Info.plist;
				LD_RUNPATH_SEARCH_PATHS = "$(inherited) @executable_path/Frameworks @loader_path/Frameworks";
				PRODUCT_BUNDLE_IDENTIFIER = dankehq.HangTests;
				PRODUCT_NAME = "$(TARGET_NAME)";
				SWIFT_VERSION = 4.0;
				TARGETED_DEVICE_FAMILY = "1,2";
				TEST_HOST = "$(BUILT_PRODUCTS_DIR)/Hang.app/Hang";
			};
			name = Release;
		};
/* End XCBuildConfiguration section */

/* Begin XCConfigurationList section */
		F1AA1C1720883E9D009B909B /* Build configuration list for PBXProject "Hang" */ = {
			isa = XCConfigurationList;
			buildConfigurations = (
				F1AA1C4220883E9D009B909B /* Debug */,
				F1AA1C4320883E9D009B909B /* Release */,
			);
			defaultConfigurationIsVisible = 0;
			defaultConfigurationName = Release;
		};
		F1AA1C4420883E9D009B909B /* Build configuration list for PBXNativeTarget "Hang" */ = {
			isa = XCConfigurationList;
			buildConfigurations = (
				F1AA1C4520883E9D009B909B /* Debug */,
				F1AA1C4620883E9D009B909B /* Release */,
			);
			defaultConfigurationIsVisible = 0;
			defaultConfigurationName = Release;
		};
		F1AA1C4720883E9D009B909B /* Build configuration list for PBXNativeTarget "HangTests" */ = {
			isa = XCConfigurationList;
			buildConfigurations = (
				F1AA1C4820883E9D009B909B /* Debug */,
				F1AA1C4920883E9D009B909B /* Release */,
			);
			defaultConfigurationIsVisible = 0;
			defaultConfigurationName = Release;
		};
/* End XCConfigurationList section */
	};
	rootObject = F1AA1C1420883E9D009B909B /* Project object */;
}
